// !$*UTF8*$!
{
	archiveVersion = 1;
	classes = {
	};
	objectVersion = 55;
	objects = {

/* Begin PBXBuildFile section */
		B49F60DF28A555990039037E /* AppDelegate.swift in Sources */ = {isa = PBXBuildFile; fileRef = B49F60DE28A555990039037E /* AppDelegate.swift */; };
		B49F60E128A555990039037E /* SceneDelegate.swift in Sources */ = {isa = PBXBuildFile; fileRef = B49F60E028A555990039037E /* SceneDelegate.swift */; };
		B49F60E328A555990039037E /* ViewController.swift in Sources */ = {isa = PBXBuildFile; fileRef = B49F60E228A555990039037E /* ViewController.swift */; };
		B49F60E928A555990039037E /* Notes_App.xcdatamodeld in Sources */ = {isa = PBXBuildFile; fileRef = B49F60E728A555990039037E /* Notes_App.xcdatamodeld */; };
		B49F60EB28A5559B0039037E /* Assets.xcassets in Resources */ = {isa = PBXBuildFile; fileRef = B49F60EA28A5559B0039037E /* Assets.xcassets */; };
		B49F60EE28A5559B0039037E /* LaunchScreen.storyboard in Resources */ = {isa = PBXBuildFile; fileRef = B49F60EC28A5559B0039037E /* LaunchScreen.storyboard */; };
		B49F60F628A556640039037E /* NotesViewController.swift in Sources */ = {isa = PBXBuildFile; fileRef = B49F60F528A556640039037E /* NotesViewController.swift */; };
		B49F60FA28A559C00039037E /* NewNotesVC.swift in Sources */ = {isa = PBXBuildFile; fileRef = B49F60F928A559C00039037E /* NewNotesVC.swift */; };
		B49F60FC28A580370039037E /* NotesTableViewCell.swift in Sources */ = {isa = PBXBuildFile; fileRef = B49F60FB28A580370039037E /* NotesTableViewCell.swift */; };
		B49F60FE28A5C2F60039037E /* Notes.swift in Sources */ = {isa = PBXBuildFile; fileRef = B49F60FD28A5C2F50039037E /* Notes.swift */; };
/* End PBXBuildFile section */

/* Begin PBXFileReference section */
		B49F60DB28A555990039037E /* Notes App.app */ = {isa = PBXFileReference; explicitFileType = wrapper.application; includeInIndex = 0; path = "Notes App.app"; sourceTree = BUILT_PRODUCTS_DIR; };
		B49F60DE28A555990039037E /* AppDelegate.swift */ = {isa = PBXFileReference; lastKnownFileType = sourcecode.swift; path = AppDelegate.swift; sourceTree = "<group>"; };
		B49F60E028A555990039037E /* SceneDelegate.swift */ = {isa = PBXFileReference; lastKnownFileType = sourcecode.swift; path = SceneDelegate.swift; sourceTree = "<group>"; };
		B49F60E228A555990039037E /* ViewController.swift */ = {isa = PBXFileReference; lastKnownFileType = sourcecode.swift; path = ViewController.swift; sourceTree = "<group>"; };
		B49F60E828A555990039037E /* Notes_App.xcdatamodel */ = {isa = PBXFileReference; lastKnownFileType = wrapper.xcdatamodel; path = Notes_App.xcdatamodel; sourceTree = "<group>"; };
		B49F60EA28A5559B0039037E /* Assets.xcassets */ = {isa = PBXFileReference; lastKnownFileType = folder.assetcatalog; path = Assets.xcassets; sourceTree = "<group>"; };
		B49F60ED28A5559B0039037E /* Base */ = {isa = PBXFileReference; lastKnownFileType = file.storyboard; name = Base; path = Base.lproj/LaunchScreen.storyboard; sourceTree = "<group>"; };
		B49F60EF28A5559B0039037E /* Info.plist */ = {isa = PBXFileReference; lastKnownFileType = text.plist.xml; path = Info.plist; sourceTree = "<group>"; };
		B49F60F528A556640039037E /* NotesViewController.swift */ = {isa = PBXFileReference; lastKnownFileType = sourcecode.swift; path = NotesViewController.swift; sourceTree = "<group>"; };
		B49F60F928A559C00039037E /* NewNotesVC.swift */ = {isa = PBXFileReference; lastKnownFileType = sourcecode.swift; path = NewNotesVC.swift; sourceTree = "<group>"; };
		B49F60FB28A580370039037E /* NotesTableViewCell.swift */ = {isa = PBXFileReference; lastKnownFileType = sourcecode.swift; path = NotesTableViewCell.swift; sourceTree = "<group>"; };
		B49F60FD28A5C2F50039037E /* Notes.swift */ = {isa = PBXFileReference; lastKnownFileType = sourcecode.swift; path = Notes.swift; sourceTree = "<group>"; };
/* End PBXFileReference section */

/* Begin PBXFrameworksBuildPhase section */
		B49F60D828A555990039037E /* Frameworks */ = {
			isa = PBXFrameworksBuildPhase;
			buildActionMask = 2147483647;
			files = (
			);
			runOnlyForDeploymentPostprocessing = 0;
		};
/* End PBXFrameworksBuildPhase section */

/* Begin PBXGroup section */
		B49F60D228A555990039037E = {
			isa = PBXGroup;
			children = (
				B49F60DD28A555990039037E /* Notes App */,
				B49F60DC28A555990039037E /* Products */,
			);
			sourceTree = "<group>";
		};
		B49F60DC28A555990039037E /* Products */ = {
			isa = PBXGroup;
			children = (
				B49F60DB28A555990039037E /* Notes App.app */,
			);
			name = Products;
			sourceTree = "<group>";
		};
		B49F60DD28A555990039037E /* Notes App */ = {
			isa = PBXGroup;
			children = (
				B49F60DE28A555990039037E /* AppDelegate.swift */,
				B49F60E028A555990039037E /* SceneDelegate.swift */,
				B49F610528A5DE510039037E /* CodeGen */,
				B49F610128A5DDA20039037E /* Controllers */,
				B49F60EA28A5559B0039037E /* Assets.xcassets */,
				B49F60EC28A5559B0039037E /* LaunchScreen.storyboard */,
				B49F60EF28A5559B0039037E /* Info.plist */,
				B49F60E728A555990039037E /* Notes_App.xcdatamodeld */,
			);
			path = "Notes App";
			sourceTree = "<group>";
		};
		B49F610128A5DDA20039037E /* Controllers */ = {
			isa = PBXGroup;
			children = (
				B49F60E228A555990039037E /* ViewController.swift */,
				B49F610228A5DDC10039037E /* NotesViewController */,
				B49F610428A5DE040039037E /* NewNotesVC */,
			);
			path = Controllers;
			sourceTree = "<group>";
		};
		B49F610228A5DDC10039037E /* NotesViewController */ = {
			isa = PBXGroup;
			children = (
				B49F60F528A556640039037E /* NotesViewController.swift */,
				B49F610328A5DDE30039037E /* TableViewCell */,
			);
			path = NotesViewController;
			sourceTree = "<group>";
		};
		B49F610328A5DDE30039037E /* TableViewCell */ = {
			isa = PBXGroup;
			children = (
				B49F60FB28A580370039037E /* NotesTableViewCell.swift */,
			);
			path = TableViewCell;
			sourceTree = "<group>";
		};
		B49F610428A5DE040039037E /* NewNotesVC */ = {
			isa = PBXGroup;
			children = (
				B49F60F928A559C00039037E /* NewNotesVC.swift */,
			);
			path = NewNotesVC;
			sourceTree = "<group>";
		};
		B49F610528A5DE510039037E /* CodeGen */ = {
			isa = PBXGroup;
			children = (
				B49F60FD28A5C2F50039037E /* Notes.swift */,
			);
			path = CodeGen;
			sourceTree = "<group>";
		};
/* End PBXGroup section */

/* Begin PBXNativeTarget section */
		B49F60DA28A555990039037E /* Notes App */ = {
			isa = PBXNativeTarget;
			buildConfigurationList = B49F60F228A5559B0039037E /* Build configuration list for PBXNativeTarget "Notes App" */;
			buildPhases = (
				B49F60D728A555990039037E /* Sources */,
				B49F60D828A555990039037E /* Frameworks */,
				B49F60D928A555990039037E /* Resources */,
			);
			buildRules = (
			);
			dependencies = (
			);
			name = "Notes App";
			productName = "Notes App";
			productReference = B49F60DB28A555990039037E /* Notes App.app */;
			productType = "com.apple.product-type.application";
		};
/* End PBXNativeTarget section */

/* Begin PBXProject section */
		B49F60D328A555990039037E /* Project object */ = {
			isa = PBXProject;
			attributes = {
				BuildIndependentTargetsInParallel = 1;
				LastSwiftUpdateCheck = 1340;
				LastUpgradeCheck = 1340;
				TargetAttributes = {
					B49F60DA28A555990039037E = {
						CreatedOnToolsVersion = 13.4.1;
					};
				};
			};
			buildConfigurationList = B49F60D628A555990039037E /* Build configuration list for PBXProject "Notes App" */;
			compatibilityVersion = "Xcode 13.0";
			developmentRegion = en;
			hasScannedForEncodings = 0;
			knownRegions = (
				en,
				Base,
			);
			mainGroup = B49F60D228A555990039037E;
			productRefGroup = B49F60DC28A555990039037E /* Products */;
			projectDirPath = "";
			projectRoot = "";
			targets = (
				B49F60DA28A555990039037E /* Notes App */,
			);
		};
/* End PBXProject section */

/* Begin PBXResourcesBuildPhase section */
		B49F60D928A555990039037E /* Resources */ = {
			isa = PBXResourcesBuildPhase;
			buildActionMask = 2147483647;
			files = (
				B49F60EE28A5559B0039037E /* LaunchScreen.storyboard in Resources */,
				B49F60EB28A5559B0039037E /* Assets.xcassets in Resources */,
			);
			runOnlyForDeploymentPostprocessing = 0;
		};
/* End PBXResourcesBuildPhase section */

/* Begin PBXSourcesBuildPhase section */
		B49F60D728A555990039037E /* Sources */ = {
			isa = PBXSourcesBuildPhase;
			buildActionMask = 2147483647;
			files = (
				B49F60E328A555990039037E /* ViewController.swift in Sources */,
				B49F60F628A556640039037E /* NotesViewController.swift in Sources */,
				B49F60DF28A555990039037E /* AppDelegate.swift in Sources */,
				B49F60FA28A559C00039037E /* NewNotesVC.swift in Sources */,
				B49F60E128A555990039037E /* SceneDelegate.swift in Sources */,
				B49F60FC28A580370039037E /* NotesTableViewCell.swift in Sources */,
				B49F60E928A555990039037E /* Notes_App.xcdatamodeld in Sources */,
				B49F60FE28A5C2F60039037E /* Notes.swift in Sources */,
			);
			runOnlyForDeploymentPostprocessing = 0;
		};
/* End PBXSourcesBuildPhase section */

/* Begin PBXVariantGroup section */
		B49F60EC28A5559B0039037E /* LaunchScreen.storyboard */ = {
			isa = PBXVariantGroup;
			children = (
				B49F60ED28A5559B0039037E /* Base */,
			);
			name = LaunchScreen.storyboard;
			sourceTree = "<group>";
		};
/* End PBXVariantGroup section */

/* Begin XCBuildConfiguration section */
		B49F60F028A5559B0039037E /* Debug */ = {
			isa = XCBuildConfiguration;
			buildSettings = {
				ALWAYS_SEARCH_USER_PATHS = NO;
				CLANG_ANALYZER_NONNULL = YES;
				CLANG_ANALYZER_NUMBER_OBJECT_CONVERSION = YES_AGGRESSIVE;
				CLANG_CXX_LANGUAGE_STANDARD = "gnu++17";
				CLANG_ENABLE_MODULES = YES;
				CLANG_ENABLE_OBJC_ARC = YES;
				CLANG_ENABLE_OBJC_WEAK = YES;
				CLANG_WARN_BLOCK_CAPTURE_AUTORELEASING = YES;
				CLANG_WARN_BOOL_CONVERSION = YES;
				CLANG_WARN_COMMA = YES;
				CLANG_WARN_CONSTANT_CONVERSION = YES;
				CLANG_WARN_DEPRECATED_OBJC_IMPLEMENTATIONS = YES;
				CLANG_WARN_DIRECT_OBJC_ISA_USAGE = YES_ERROR;
				CLANG_WARN_DOCUMENTATION_COMMENTS = YES;
				CLANG_WARN_EMPTY_BODY = YES;
				CLANG_WARN_ENUM_CONVERSION = YES;
				CLANG_WARN_INFINITE_RECURSION = YES;
				CLANG_WARN_INT_CONVERSION = YES;
				CLANG_WARN_NON_LITERAL_NULL_CONVERSION = YES;
				CLANG_WARN_OBJC_IMPLICIT_RETAIN_SELF = YES;
				CLANG_WARN_OBJC_LITERAL_CONVERSION = YES;
				CLANG_WARN_OBJC_ROOT_CLASS = YES_ERROR;
				CLANG_WARN_QUOTED_INCLUDE_IN_FRAMEWORK_HEADER = YES;
				CLANG_WARN_RANGE_LOOP_ANALYSIS = YES;
				CLANG_WARN_STRICT_PROTOTYPES = YES;
				CLANG_WARN_SUSPICIOUS_MOVE = YES;
				CLANG_WARN_UNGUARDED_AVAILABILITY = YES_AGGRESSIVE;
				CLANG_WARN_UNREACHABLE_CODE = YES;
				CLANG_WARN__DUPLICATE_METHOD_MATCH = YES;
				COPY_PHASE_STRIP = NO;
				DEBUG_INFORMATION_FORMAT = dwarf;
				ENABLE_STRICT_OBJC_MSGSEND = YES;
				ENABLE_TESTABILITY = YES;
				GCC_C_LANGUAGE_STANDARD = gnu11;
				GCC_DYNAMIC_NO_PIC = NO;
				GCC_NO_COMMON_BLOCKS = YES;
				GCC_OPTIMIZATION_LEVEL = 0;
				GCC_PREPROCESSOR_DEFINITIONS = (
					"DEBUG=1",
					"$(inherited)",
				);
				GCC_WARN_64_TO_32_BIT_CONVERSION = YES;
				GCC_WARN_ABOUT_RETURN_TYPE = YES_ERROR;
				GCC_WARN_UNDECLARED_SELECTOR = YES;
				GCC_WARN_UNINITIALIZED_AUTOS = YES_AGGRESSIVE;
				GCC_WARN_UNUSED_FUNCTION = YES;
				GCC_WARN_UNUSED_VARIABLE = YES;
				IPHONEOS_DEPLOYMENT_TARGET = 15.5;
				MTL_ENABLE_DEBUG_INFO = INCLUDE_SOURCE;
				MTL_FAST_MATH = YES;
				ONLY_ACTIVE_ARCH = YES;
				SDKROOT = iphoneos;
				SWIFT_ACTIVE_COMPILATION_CONDITIONS = DEBUG;
				SWIFT_OPTIMIZATION_LEVEL = "-Onone";
			};
			name = Debug;
		};
		B49F60F128A5559B0039037E /* Release */ = {
			isa = XCBuildConfiguration;
			buildSettings = {
				ALWAYS_SEARCH_USER_PATHS = NO;
				CLANG_ANALYZER_NONNULL = YES;
				CLANG_ANALYZER_NUMBER_OBJECT_CONVERSION = YES_AGGRESSIVE;
				CLANG_CXX_LANGUAGE_STANDARD = "gnu++17";
				CLANG_ENABLE_MODULES = YES;
				CLANG_ENABLE_OBJC_ARC = YES;
				CLANG_ENABLE_OBJC_WEAK = YES;
				CLANG_WARN_BLOCK_CAPTURE_AUTORELEASING = YES;
				CLANG_WARN_BOOL_CONVERSION = YES;
				CLANG_WARN_COMMA = YES;
				CLANG_WARN_CONSTANT_CONVERSION = YES;
				CLANG_WARN_DEPRECATED_OBJC_IMPLEMENTATIONS = YES;
				CLANG_WARN_DIRECT_OBJC_ISA_USAGE = YES_ERROR;
				CLANG_WARN_DOCUMENTATION_COMMENTS = YES;
				CLANG_WARN_EMPTY_BODY = YES;
				CLANG_WARN_ENUM_CONVERSION = YES;
				CLANG_WARN_INFINITE_RECURSION = YES;
				CLANG_WARN_INT_CONVERSION = YES;
				CLANG_WARN_NON_LITERAL_NULL_CONVERSION = YES;
				CLANG_WARN_OBJC_IMPLICIT_RETAIN_SELF = YES;
				CLANG_WARN_OBJC_LITERAL_CONVERSION = YES;
				CLANG_WARN_OBJC_ROOT_CLASS = YES_ERROR;
				CLANG_WARN_QUOTED_INCLUDE_IN_FRAMEWORK_HEADER = YES;
				CLANG_WARN_RANGE_LOOP_ANALYSIS = YES;
				CLANG_WARN_STRICT_PROTOTYPES = YES;
				CLANG_WARN_SUSPICIOUS_MOVE = YES;
				CLANG_WARN_UNGUARDED_AVAILABILITY = YES_AGGRESSIVE;
				CLANG_WARN_UNREACHABLE_CODE = YES;
				CLANG_WARN__DUPLICATE_METHOD_MATCH = YES;
				COPY_PHASE_STRIP = NO;
				DEBUG_INFORMATION_FORMAT = "dwarf-with-dsym";
				ENABLE_NS_ASSERTIONS = NO;
				ENABLE_STRICT_OBJC_MSGSEND = YES;
				GCC_C_LANGUAGE_STANDARD = gnu11;
				GCC_NO_COMMON_BLOCKS = YES;
				GCC_WARN_64_TO_32_BIT_CONVERSION = YES;
				GCC_WARN_ABOUT_RETURN_TYPE = YES_ERROR;
				GCC_WARN_UNDECLARED_SELECTOR = YES;
				GCC_WARN_UNINITIALIZED_AUTOS = YES_AGGRESSIVE;
				GCC_WARN_UNUSED_FUNCTION = YES;
				GCC_WARN_UNUSED_VARIABLE = YES;
				IPHONEOS_DEPLOYMENT_TARGET = 15.5;
				MTL_ENABLE_DEBUG_INFO = NO;
				MTL_FAST_MATH = YES;
				SDKROOT = iphoneos;
				SWIFT_COMPILATION_MODE = wholemodule;
				SWIFT_OPTIMIZATION_LEVEL = "-O";
				VALIDATE_PRODUCT = YES;
			};
			name = Release;
		};
		B49F60F328A5559B0039037E /* Debug */ = {
			isa = XCBuildConfiguration;
			buildSettings = {
				ASSETCATALOG_COMPILER_APPICON_NAME = AppIcon;
				ASSETCATALOG_COMPILER_GLOBAL_ACCENT_COLOR_NAME = AccentColor;
				CODE_SIGN_STYLE = Automatic;
				CURRENT_PROJECT_VERSION = 1;
				DEVELOPMENT_TEAM = SFJ8H3MDYC;
				GENERATE_INFOPLIST_FILE = YES;
				INFOPLIST_FILE = "Notes App/Info.plist";
				INFOPLIST_KEY_UIApplicationSupportsIndirectInputEvents = YES;
				INFOPLIST_KEY_UILaunchStoryboardName = LaunchScreen;
				INFOPLIST_KEY_UISupportedInterfaceOrientations_iPad = "UIInterfaceOrientationPortrait UIInterfaceOrientationPortraitUpsideDown UIInterfaceOrientationLandscapeLeft UIInterfaceOrientationLandscapeRight";
				INFOPLIST_KEY_UISupportedInterfaceOrientations_iPhone = "UIInterfaceOrientationPortrait UIInterfaceOrientationLandscapeLeft UIInterfaceOrientationLandscapeRight";
				LD_RUNPATH_SEARCH_PATHS = (
					"$(inherited)",
					"@executable_path/Frameworks",
				);
				MARKETING_VERSION = 1.0;
				PRODUCT_BUNDLE_IDENTIFIER = "com.chidiogo.myfirstapp.Notes-App";
				PRODUCT_NAME = "$(TARGET_NAME)";
				SWIFT_EMIT_LOC_STRINGS = YES;
				SWIFT_VERSION = 5.0;
				TARGETED_DEVICE_FAMILY = "1,2";
			};
			name = Debug;
		};
		B49F60F428A5559B0039037E /* Release */ = {
			isa = XCBuildConfiguration;
			buildSettings = {
				ASSETCATALOG_COMPILER_APPICON_NAME = AppIcon;
				ASSETCATALOG_COMPILER_GLOBAL_ACCENT_COLOR_NAME = AccentColor;
				CODE_SIGN_STYLE = Automatic;
				CURRENT_PROJECT_VERSION = 1;
				DEVELOPMENT_TEAM = SFJ8H3MDYC;
				GENERATE_INFOPLIST_FILE = YES;
				INFOPLIST_FILE = "Notes App/Info.plist";
				INFOPLIST_KEY_UIApplicationSupportsIndirectInputEvents = YES;
				INFOPLIST_KEY_UILaunchStoryboardName = LaunchScreen;
				INFOPLIST_KEY_UISupportedInterfaceOrientations_iPad = "UIInterfaceOrientationPortrait UIInterfaceOrientationPortraitUpsideDown UIInterfaceOrientationLandscapeLeft UIInterfaceOrientationLandscapeRight";
				INFOPLIST_KEY_UISupportedInterfaceOrientations_iPhone = "UIInterfaceOrientationPortrait UIInterfaceOrientationLandscapeLeft UIInterfaceOrientationLandscapeRight";
				LD_RUNPATH_SEARCH_PATHS = (
					"$(inherited)",
					"@executable_path/Frameworks",
				);
				MARKETING_VERSION = 1.0;
				PRODUCT_BUNDLE_IDENTIFIER = "com.chidiogo.myfirstapp.Notes-App";
				PRODUCT_NAME = "$(TARGET_NAME)";
				SWIFT_EMIT_LOC_STRINGS = YES;
				SWIFT_VERSION = 5.0;
				TARGETED_DEVICE_FAMILY = "1,2";
			};
			name = Release;
		};
/* End XCBuildConfiguration section */

/* Begin XCConfigurationList section */
		B49F60D628A555990039037E /* Build configuration list for PBXProject "Notes App" */ = {
			isa = XCConfigurationList;
			buildConfigurations = (
				B49F60F028A5559B0039037E /* Debug */,
				B49F60F128A5559B0039037E /* Release */,
			);
			defaultConfigurationIsVisible = 0;
			defaultConfigurationName = Release;
		};
		B49F60F228A5559B0039037E /* Build configuration list for PBXNativeTarget "Notes App" */ = {
			isa = XCConfigurationList;
			buildConfigurations = (
				B49F60F328A5559B0039037E /* Debug */,
				B49F60F428A5559B0039037E /* Release */,
			);
			defaultConfigurationIsVisible = 0;
			defaultConfigurationName = Release;
		};
/* End XCConfigurationList section */

/* Begin XCVersionGroup section */
		B49F60E728A555990039037E /* Notes_App.xcdatamodeld */ = {
			isa = XCVersionGroup;
			children = (
				B49F60E828A555990039037E /* Notes_App.xcdatamodel */,
			);
			currentVersion = B49F60E828A555990039037E /* Notes_App.xcdatamodel */;
			path = Notes_App.xcdatamodeld;
			sourceTree = "<group>";
			versionGroupType = wrapper.xcdatamodel;
		};
/* End XCVersionGroup section */
	};
	rootObject = B49F60D328A555990039037E /* Project object */;
}
